{
 "_meta": {
  "file-type": "spack-lockfile",
  "lockfile-version": 2
 },
 "roots": [
  {
   "hash": "abn6rgufz6bfi7555wvjksvdtfhg3nhj",
   "spec": "python"
  },
  {
   "hash": "dbuy6dcy2773efofbkegap4ow33nttc6",
   "spec": "py-pip"
  },
  {
   "hash": "expphenwe5cxqw5yxsbjntild7sb4fjh",
   "spec": "py-numpy~lapack"
  },
  {
   "hash": "3525wzi3joo7stwo3eygu6ehkpl3gc5e",
   "spec": "tcl"
  }
 ],
 "concrete_specs": {
  "abn6rgufz6bfi7555wvjksvdtfhg3nhj": {
   "python": {
    "version": "3.8.7",
    "arch": {
     "platform": "linux",
     "platform_os": "ubuntu20.10",
     "target": "aarch64"
    },
    "compiler": {
     "name": "gcc",
     "version": "10.2.0"
    },
    "namespace": "builtin",
    "parameters": {
     "bz2": true,
     "ctypes": true,
     "dbm": true,
     "debug": false,
     "libxml2": true,
     "lzma": true,
     "nis": false,
     "optimizations": false,
     "patches": [
      "0d98e93189bc278fbc37a50ed7f183bd8aaf249a8e1670a465f0db6bb4f8cf87"
     ],
     "pic": true,
     "pyexpat": true,
     "pythoncmd": true,
     "readline": true,
     "shared": true,
     "sqlite3": true,
     "ssl": true,
     "tix": false,
     "tkinter": false,
     "ucs4": false,
     "uuid": true,
     "zlib": true,
     "cflags": [],
     "cppflags": [],
     "cxxflags": [],
     "fflags": [],
     "ldflags": [],
     "ldlibs": []
    },
    "patches": [
     "0d98e93189bc278fbc37a50ed7f183bd8aaf249a8e1670a465f0db6bb4f8cf87"
    ],
    "dependencies": {
     "bzip2": {
      "hash": "d4o6xsxropnjj7ldxdvq3lsjzbjaifst",
      "type": [
       "build",
       "link"
      ]
     },
     "expat": {
      "hash": "qmrx75ndqa6sjorueulltszr6yb4nxrn",
      "type": [
       "build",
       "link"
      ]
     },
     "gdbm": {
      "hash": "l3gcomcskgrpk4kvhohqfb2t73ey5j7x",
      "type": [
       "build",
       "link"
      ]
     },
     "gettext": {
      "hash": "kjmujuckgvhiancdsdlnwng2kga642ye",
      "type": [
       "build",
       "link"
      ]
     },
     "libffi": {
      "hash": "jwts47yunxkbgp7asx775vhjxw25sfsg",
      "type": [
       "build",
       "link"
      ]
     },
     "ncurses": {
      "hash": "lmetauwoosqcc7rtyqh57tqfb3skm6tp",
      "type": [
       "build",
       "link"
      ]
     },
     "openssl": {
      "hash": "wtgp5m4bvmjizehq77ofg7j6zeivxvcy",
      "type": [
       "build",
       "link"
      ]
     },
     "pkgconf": {
      "hash": "a53w2kizld3di47ovinnl2oivakils7p",
      "type": [
       "build"
      ]
     },
     "readline": {
      "hash": "bssanntf32le64ocz7vj2g4vtf6td2e2",
      "type": [
       "build",
       "link"
      ]
     },
     "sqlite": {
      "hash": "chquc44zkk64mhdtdy2caqv6adzz6du4",
      "type": [
       "build",
       "link"
      ]
     },
     "util-linux-uuid": {
      "hash": "tknfmwla2y65dqmh4suaka3wdszrkzpk",
      "type": [
       "build",
       "link"
      ]
     },
     "xz": {
      "hash": "ojgnu32vsfdj54727zaas4562xhtx7g4",
      "type": [
       "build",
       "link"
      ]
     },
     "zlib": {
      "hash": "emagoh3xhthjct3vs6h2vm66xk47xdna",
      "type": [
       "build",
       "link"
      ]
     }
    },
    "hash": "xcyt2chcey3wwny4v4lv32chcv2xsuat"
   }
  },
  "d4o6xsxropnjj7ldxdvq3lsjzbjaifst": {
   "bzip2": {
    "version": "1.0.8",
    "arch": {
     "platform": "linux",
     "platform_os": "ubuntu20.10",
     "target": "aarch64"
    },
    "compiler": {
     "name": "gcc",
     "version": "10.2.0"
    },
    "namespace": "builtin",
    "parameters": {
     "shared": true,
     "cflags": [],
     "cppflags": [],
     "cxxflags": [],
     "fflags": [],
     "ldflags": [],
     "ldlibs": []
    },
    "dependencies": {
     "diffutils": {
      "hash": "w25jjmmbdjxmqquspzz46nf22v4wy5oc",
      "type": [
       "build"
      ]
     }
    },
    "hash": "w2cpcnphexv34fuu2n6r2puczqjgmfxp"
   }
  },
  "w25jjmmbdjxmqquspzz46nf22v4wy5oc": {
   "diffutils": {
    "version": "3.7",
    "arch": {
     "platform": "linux",
     "platform_os": "ubuntu20.10",
     "target": "aarch64"
    },
    "compiler": {
     "name": "gcc",
     "version": "10.2.0"
    },
    "namespace": "builtin",
    "parameters": {
     "cflags": [],
     "cppflags": [],
     "cxxflags": [],
     "fflags": [],
     "ldflags": [],
     "ldlibs": []
    },
    "dependencies": {
     "libiconv": {
      "hash": "lz72y2yqho7h5jbs25szgac22nge7ao6",
      "type": [
       "build",
       "link"
      ]
     }
    },
    "hash": "w25jjmmbdjxmqquspzz46nf22v4wy5oc"
   }
  },
  "lz72y2yqho7h5jbs25szgac22nge7ao6": {
   "libiconv": {
    "version": "1.16",
    "arch": {
     "platform": "linux",
     "platform_os": "ubuntu20.10",
     "target": "aarch64"
    },
    "compiler": {
     "name": "gcc",
     "version": "10.2.0"
    },
    "namespace": "builtin",
    "parameters": {
     "cflags": [],
     "cppflags": [],
     "cxxflags": [],
     "fflags": [],
     "ldflags": [],
     "ldlibs": []
    },
    "hash": "lz72y2yqho7h5jbs25szgac22nge7ao6"
   }
  },
  "qmrx75ndqa6sjorueulltszr6yb4nxrn": {
   "expat": {
    "version": "2.2.10",
    "arch": {
     "platform": "linux",
     "platform_os": "ubuntu20.10",
     "target": "aarch64"
    },
    "compiler": {
     "name": "gcc",
     "version": "10.2.0"
    },
    "namespace": "builtin",
    "parameters": {
     "libbsd": true,
     "cflags": [],
     "cppflags": [],
     "cxxflags": [],
     "fflags": [],
     "ldflags": [],
     "ldlibs": []
    },
    "dependencies": {
     "libbsd": {
      "hash": "7ewrfsi26souc5hwiznz3fs47fpqgsut",
      "type": [
       "build",
       "link"
      ]
     }
    },
    "hash": "qmrx75ndqa6sjorueulltszr6yb4nxrn"
   }
  },
  "7ewrfsi26souc5hwiznz3fs47fpqgsut": {
   "libbsd": {
    "version": "0.10.0",
    "arch": {
     "platform": "linux",
     "platform_os": "ubuntu20.10",
     "target": "aarch64"
    },
    "compiler": {
     "name": "gcc",
     "version": "10.2.0"
    },
    "namespace": "builtin",
    "parameters": {
     "cflags": [],
     "cppflags": [],
     "cxxflags": [],
     "fflags": [],
     "ldflags": [],
     "ldlibs": []
    },
    "hash": "7ewrfsi26souc5hwiznz3fs47fpqgsut"
   }
  },
  "l3gcomcskgrpk4kvhohqfb2t73ey5j7x": {
   "gdbm": {
    "version": "1.18.1",
    "arch": {
     "platform": "linux",
     "platform_os": "ubuntu20.10",
     "target": "aarch64"
    },
    "compiler": {
     "name": "gcc",
     "version": "10.2.0"
    },
    "namespace": "builtin",
    "parameters": {
     "patches": [
      "7f569b9287e9e5a4236636eef32ff3428f0462ec17aea359e0ebee07649f1f16"
     ],
     "cflags": [],
     "cppflags": [],
     "cxxflags": [],
     "fflags": [],
     "ldflags": [],
     "ldlibs": []
    },
    "patches": [
     "7f569b9287e9e5a4236636eef32ff3428f0462ec17aea359e0ebee07649f1f16"
    ],
    "dependencies": {
     "readline": {
      "hash": "bssanntf32le64ocz7vj2g4vtf6td2e2",
      "type": [
       "build",
       "link"
      ]
     }
    },
    "hash": "mrdjuq6mjrwcjedtuna4qmogcackjrrl"
   }
  },
  "bssanntf32le64ocz7vj2g4vtf6td2e2": {
   "readline": {
    "version": "8.0",
    "arch": {
     "platform": "linux",
     "platform_os": "ubuntu20.10",
     "target": "aarch64"
    },
    "compiler": {
     "name": "gcc",
     "version": "10.2.0"
    },
    "namespace": "builtin",
    "parameters": {
     "cflags": [],
     "cppflags": [],
     "cxxflags": [],
     "fflags": [],
     "ldflags": [],
     "ldlibs": []
    },
    "dependencies": {
     "ncurses": {
      "hash": "lmetauwoosqcc7rtyqh57tqfb3skm6tp",
      "type": [
       "build",
       "link"
      ]
     }
    },
    "hash": "k2rsyopqyusq72hhrsbyj4dwwosejf6m"
   }
  },
  "lmetauwoosqcc7rtyqh57tqfb3skm6tp": {
   "ncurses": {
    "version": "6.2",
    "arch": {
     "platform": "linux",
     "platform_os": "ubuntu20.10",
     "target": "aarch64"
    },
    "compiler": {
     "name": "gcc",
     "version": "10.2.0"
    },
    "namespace": "builtin",
    "parameters": {
     "symlinks": false,
     "termlib": true,
     "cflags": [],
     "cppflags": [],
     "cxxflags": [],
     "fflags": [],
     "ldflags": [],
     "ldlibs": []
    },
    "dependencies": {
     "pkgconf": {
      "hash": "a53w2kizld3di47ovinnl2oivakils7p",
      "type": [
       "build"
      ]
     }
    },
    "hash": "5dq7ovz5vqkcwr3apym7jbfw76zknnjv"
   }
  },
  "a53w2kizld3di47ovinnl2oivakils7p": {
   "pkgconf": {
    "version": "1.7.3",
    "arch": {
     "platform": "linux",
     "platform_os": "ubuntu20.10",
     "target": "aarch64"
    },
    "compiler": {
     "name": "gcc",
     "version": "10.2.0"
    },
    "namespace": "builtin",
    "parameters": {
     "cflags": [],
     "cppflags": [],
     "cxxflags": [],
     "fflags": [],
     "ldflags": [],
     "ldlibs": []
    },
    "hash": "a53w2kizld3di47ovinnl2oivakils7p"
   }
  },
  "kjmujuckgvhiancdsdlnwng2kga642ye": {
   "gettext": {
    "version": "0.21",
    "arch": {
     "platform": "linux",
     "platform_os": "ubuntu20.10",
     "target": "aarch64"
    },
    "compiler": {
     "name": "gcc",
     "version": "10.2.0"
    },
    "namespace": "builtin",
    "parameters": {
     "bzip2": true,
     "curses": true,
     "git": true,
     "libunistring": false,
     "libxml2": true,
     "tar": true,
     "xz": true,
     "cflags": [],
     "cppflags": [],
     "cxxflags": [],
     "fflags": [],
     "ldflags": [],
     "ldlibs": []
    },
    "dependencies": {
     "bzip2": {
      "hash": "d4o6xsxropnjj7ldxdvq3lsjzbjaifst",
      "type": [
       "build",
       "link"
      ]
     },
     "libiconv": {
      "hash": "lz72y2yqho7h5jbs25szgac22nge7ao6",
      "type": [
       "build",
       "link"
      ]
     },
     "libxml2": {
      "hash": "ofrs3ik4n2ij4nfflg5zjicwhb3jg634",
      "type": [
       "build",
       "link"
      ]
     },
     "ncurses": {
      "hash": "lmetauwoosqcc7rtyqh57tqfb3skm6tp",
      "type": [
       "build",
       "link"
      ]
     },
     "tar": {
      "hash": "wiuvgiaxdmmrwxpwelfiqdr3w2mu3r7y",
      "type": [
       "build",
       "link"
      ]
     },
     "xz": {
      "hash": "ojgnu32vsfdj54727zaas4562xhtx7g4",
      "type": [
       "build",
       "link",
       "run"
      ]
     }
    },
    "hash": "zxhei4nsps553epac4w2nlzxsmkri6oq"
   }
  },
  "ofrs3ik4n2ij4nfflg5zjicwhb3jg634": {
   "libxml2": {
    "version": "2.9.10",
    "arch": {
     "platform": "linux",
     "platform_os": "ubuntu20.10",
     "target": "aarch64"
    },
    "compiler": {
     "name": "gcc",
     "version": "10.2.0"
    },
    "namespace": "builtin",
    "parameters": {
     "python": false,
     "cflags": [],
     "cppflags": [],
     "cxxflags": [],
     "fflags": [],
     "ldflags": [],
     "ldlibs": []
    },
    "dependencies": {
     "libiconv": {
      "hash": "lz72y2yqho7h5jbs25szgac22nge7ao6",
      "type": [
       "build",
       "link"
      ]
     },
     "pkgconf": {
      "hash": "a53w2kizld3di47ovinnl2oivakils7p",
      "type": [
       "build"
      ]
     },
     "xz": {
      "hash": "ojgnu32vsfdj54727zaas4562xhtx7g4",
      "type": [
       "build",
       "link"
      ]
     },
     "zlib": {
      "hash": "emagoh3xhthjct3vs6h2vm66xk47xdna",
      "type": [
       "build",
       "link"
      ]
     }
    },
    "hash": "z5tifjv4w57nhxj67aha5hetcud6ygrq"
   }
  },
  "ojgnu32vsfdj54727zaas4562xhtx7g4": {
   "xz": {
    "version": "5.2.5",
    "arch": {
     "platform": "linux",
     "platform_os": "ubuntu20.10",
     "target": "aarch64"
    },
    "compiler": {
     "name": "gcc",
     "version": "10.2.0"
    },
    "namespace": "builtin",
    "parameters": {
     "pic": false,
     "cflags": [],
     "cppflags": [],
     "cxxflags": [],
     "fflags": [],
     "ldflags": [],
     "ldlibs": []
    },
    "hash": "ojgnu32vsfdj54727zaas4562xhtx7g4"
   }
  },
  "emagoh3xhthjct3vs6h2vm66xk47xdna": {
   "zlib": {
    "version": "1.2.11",
    "arch": {
     "platform": "linux",
     "platform_os": "ubuntu20.10",
     "target": "aarch64"
    },
    "compiler": {
     "name": "gcc",
     "version": "10.2.0"
    },
    "namespace": "builtin",
    "parameters": {
     "optimize": true,
     "pic": true,
     "shared": true,
     "cflags": [],
     "cppflags": [],
     "cxxflags": [],
     "fflags": [],
     "ldflags": [],
     "ldlibs": []
    },
    "hash": "emagoh3xhthjct3vs6h2vm66xk47xdna"
   }
  },
  "wiuvgiaxdmmrwxpwelfiqdr3w2mu3r7y": {
   "tar": {
    "version": "1.32",
    "arch": {
     "platform": "linux",
     "platform_os": "ubuntu20.10",
     "target": "aarch64"
    },
    "compiler": {
     "name": "gcc",
     "version": "10.2.0"
    },
    "namespace": "builtin",
    "parameters": {
     "cflags": [],
     "cppflags": [],
     "cxxflags": [],
     "fflags": [],
     "ldflags": [],
     "ldlibs": []
    },
    "dependencies": {
     "libiconv": {
      "hash": "lz72y2yqho7h5jbs25szgac22nge7ao6",
      "type": [
       "build",
       "link"
      ]
     }
    },
    "hash": "wiuvgiaxdmmrwxpwelfiqdr3w2mu3r7y"
   }
  },
  "jwts47yunxkbgp7asx775vhjxw25sfsg": {
   "libffi": {
    "version": "3.3",
    "arch": {
     "platform": "linux",
     "platform_os": "ubuntu20.10",
     "target": "aarch64"
    },
    "compiler": {
     "name": "gcc",
     "version": "10.2.0"
    },
    "namespace": "builtin",
    "parameters": {
     "patches": [
      "26f26c6f29a7ce9bf370ad3ab2610f99365b4bdd7b82e7c31df41a3370d685c0"
     ],
     "cflags": [],
     "cppflags": [],
     "cxxflags": [],
     "fflags": [],
     "ldflags": [],
     "ldlibs": []
    },
    "patches": [
     "26f26c6f29a7ce9bf370ad3ab2610f99365b4bdd7b82e7c31df41a3370d685c0"
    ],
    "hash": "jwts47yunxkbgp7asx775vhjxw25sfsg"
   }
  },
  "wtgp5m4bvmjizehq77ofg7j6zeivxvcy": {
   "openssl": {
    "version": "1.1.1j",
    "arch": {
     "platform": "linux",
     "platform_os": "ubuntu20.10",
     "target": "aarch64"
    },
    "compiler": {
     "name": "gcc",
     "version": "10.2.0"
    },
    "namespace": "builtin",
    "parameters": {
     "systemcerts": true,
     "cflags": [],
     "cppflags": [],
     "cxxflags": [],
     "fflags": [],
     "ldflags": [],
     "ldlibs": []
    },
    "dependencies": {
     "perl": {
      "hash": "p2w36cw4keja2roy4o54siivaibc6kob",
      "type": [
       "build",
       "test"
      ]
     },
     "zlib": {
      "hash": "emagoh3xhthjct3vs6h2vm66xk47xdna",
      "type": [
       "build",
       "link"
      ]
     }
    },
    "hash": "r7hwl4kuygyxhm3kummcwp3ym7mjcwym"
   }
  },
  "p2w36cw4keja2roy4o54siivaibc6kob": {
   "perl": {
    "version": "5.32.1",
    "arch": {
     "platform": "linux",
     "platform_os": "ubuntu20.10",
     "target": "aarch64"
    },
    "compiler": {
     "name": "gcc",
     "version": "10.2.0"
    },
    "namespace": "builtin",
    "parameters": {
     "cpanm": true,
     "shared": true,
     "threads": true,
     "cflags": [],
     "cppflags": [],
     "cxxflags": [],
     "fflags": [],
     "ldflags": [],
     "ldlibs": []
    },
    "dependencies": {
     "berkeley-db": {
      "hash": "b3nozhxlxn6bd334kqsln5rvv7eggxw6",
      "type": [
       "build",
       "link"
      ]
     },
     "gdbm": {
      "hash": "l3gcomcskgrpk4kvhohqfb2t73ey5j7x",
      "type": [
       "build",
       "link"
      ]
     }
    },
    "hash": "ohhdmtdz573glbffzaxm7ypabrz5igws"
   }
  },
  "b3nozhxlxn6bd334kqsln5rvv7eggxw6": {
   "berkeley-db": {
    "version": "18.1.40",
    "arch": {
     "platform": "linux",
     "platform_os": "ubuntu20.10",
     "target": "aarch64"
    },
    "compiler": {
     "name": "gcc",
     "version": "10.2.0"
    },
    "namespace": "builtin",
    "parameters": {
     "cflags": [],
     "cppflags": [],
     "cxxflags": [],
     "fflags": [],
     "ldflags": [],
     "ldlibs": []
    },
    "hash": "b3nozhxlxn6bd334kqsln5rvv7eggxw6"
   }
  },
  "chquc44zkk64mhdtdy2caqv6adzz6du4": {
   "sqlite": {
    "version": "3.34.0",
    "arch": {
     "platform": "linux",
     "platform_os": "ubuntu20.10",
     "target": "aarch64"
    },
    "compiler": {
     "name": "gcc",
     "version": "10.2.0"
    },
    "namespace": "builtin",
    "parameters": {
     "column_metadata": true,
     "fts": true,
     "functions": false,
     "rtree": false,
     "cflags": [],
     "cppflags": [],
     "cxxflags": [],
     "fflags": [],
     "ldflags": [],
     "ldlibs": []
    },
    "dependencies": {
     "readline": {
      "hash": "bssanntf32le64ocz7vj2g4vtf6td2e2",
      "type": [
       "build",
       "link"
      ]
     },
     "zlib": {
      "hash": "emagoh3xhthjct3vs6h2vm66xk47xdna",
      "type": [
       "build",
       "link"
      ]
     }
    },
    "hash": "ruqjtsbaxh3knprqc2n4ojugm2hibngx"
   }
  },
  "tknfmwla2y65dqmh4suaka3wdszrkzpk": {
   "util-linux-uuid": {
    "version": "2.36",
    "arch": {
     "platform": "linux",
     "platform_os": "ubuntu20.10",
     "target": "aarch64"
    },
    "compiler": {
     "name": "gcc",
     "version": "10.2.0"
    },
    "namespace": "builtin",
    "parameters": {
     "cflags": [],
     "cppflags": [],
     "cxxflags": [],
     "fflags": [],
     "ldflags": [],
     "ldlibs": []
    },
    "dependencies": {
     "pkgconf": {
      "hash": "a53w2kizld3di47ovinnl2oivakils7p",
      "type": [
       "build"
      ]
     }
    },
    "hash": "6z6svlixq6l4x2f2i7takfnr43xdndxh"
   }
  },
  "dbuy6dcy2773efofbkegap4ow33nttc6": {
   "py-pip": {
    "version": "20.2",
    "arch": {
     "platform": "linux",
     "platform_os": "ubuntu20.10",
     "target": "aarch64"
    },
    "compiler": {
     "name": "gcc",
     "version": "10.2.0"
    },
    "namespace": "builtin",
    "parameters": {
     "cflags": [],
     "cppflags": [],
     "cxxflags": [],
     "fflags": [],
     "ldflags": [],
     "ldlibs": []
    },
    "dependencies": {
     "py-setuptools": {
      "hash": "exaywxaz6tpwrqlcli57kpcze6iiinpn",
      "type": [
       "build",
       "run"
      ]
     },
     "python": {
      "hash": "abn6rgufz6bfi7555wvjksvdtfhg3nhj",
      "type": [
       "build",
       "run"
      ]
     }
    },
    "hash": "jzrb4bk2upxmlfglcn3nix3dm4kdw6u2"
   }
  },
  "exaywxaz6tpwrqlcli57kpcze6iiinpn": {
   "py-setuptools": {
    "version": "50.3.2",
    "arch": {
     "platform": "linux",
     "platform_os": "ubuntu20.10",
     "target": "aarch64"
    },
    "compiler": {
     "name": "gcc",
     "version": "10.2.0"
    },
    "namespace": "builtin",
    "parameters": {
     "cflags": [],
     "cppflags": [],
     "cxxflags": [],
     "fflags": [],
     "ldflags": [],
     "ldlibs": []
    },
    "dependencies": {
     "python": {
      "hash": "abn6rgufz6bfi7555wvjksvdtfhg3nhj",
      "type": [
       "build",
       "run"
      ]
     }
    },
    "hash": "divuv4tzhnqx7il72eo26o6vk2xtzvbb"
   }
  },
  "expphenwe5cxqw5yxsbjntild7sb4fjh": {
   "py-numpy": {
    "version": "1.20.1",
    "arch": {
     "platform": "linux",
     "platform_os": "ubuntu20.10",
     "target": "aarch64"
    },
    "compiler": {
     "name": "gcc",
     "version": "10.2.0"
    },
    "namespace": "builtin",
    "parameters": {
     "blas": true,
     "lapack": false,
     "patches": [
      "873745d7b547857fcfec9cae90b09c133b42a4f0c23b6c2d84cf37e2dd816604"
     ],
     "cflags": [],
     "cppflags": [],
     "cxxflags": [],
     "fflags": [],
     "ldflags": [],
     "ldlibs": []
    },
    "patches": [
     "873745d7b547857fcfec9cae90b09c133b42a4f0c23b6c2d84cf37e2dd816604"
    ],
    "dependencies": {
     "openblas": {
      "hash": "kpg2zb7gbswmifglu32rp2kbhwoq72xw",
      "type": [
       "build",
       "link"
      ]
     },
     "py-cython": {
      "hash": "lngfi36zy6x7fz7bplffmo6mte3o5pwg",
      "type": [
       "build"
      ]
     },
     "py-setuptools": {
      "hash": "exaywxaz6tpwrqlcli57kpcze6iiinpn",
      "type": [
       "build",
       "run"
      ]
     },
     "python": {
      "hash": "abn6rgufz6bfi7555wvjksvdtfhg3nhj",
      "type": [
       "build",
       "link",
       "run"
      ]
     }
    },
    "hash": "wwgt6k74ggkj2hlkz65uiuersnmgitz6"
   }
  },
  "kpg2zb7gbswmifglu32rp2kbhwoq72xw": {
   "openblas": {
    "version": "0.3.13",
    "arch": {
     "platform": "linux",
     "platform_os": "ubuntu20.10",
     "target": "aarch64"
    },
    "compiler": {
     "name": "gcc",
     "version": "10.2.0"
    },
    "namespace": "builtin",
    "parameters": {
     "consistent_fpcsr": false,
     "ilp64": false,
     "pic": true,
     "shared": true,
     "threads": "none",
     "cflags": [],
     "cppflags": [],
     "cxxflags": [],
     "fflags": [],
     "ldflags": [],
     "ldlibs": []
    },
    "hash": "kpg2zb7gbswmifglu32rp2kbhwoq72xw"
   }
  },
  "lngfi36zy6x7fz7bplffmo6mte3o5pwg": {
   "py-cython": {
    "version": "0.29.21",
    "arch": {
     "platform": "linux",
     "platform_os": "ubuntu20.10",
     "target": "aarch64"
    },
    "compiler": {
     "name": "gcc",
     "version": "10.2.0"
    },
    "namespace": "builtin",
    "parameters": {
     "cflags": [],
     "cppflags": [],
     "cxxflags": [],
     "fflags": [],
     "ldflags": [],
     "ldlibs": []
    },
    "dependencies": {
     "py-setuptools": {
      "hash": "exaywxaz6tpwrqlcli57kpcze6iiinpn",
      "type": [
       "build",
       "run"
      ]
     },
     "python": {
      "hash": "abn6rgufz6bfi7555wvjksvdtfhg3nhj",
      "type": [
       "build",
       "link",
       "run"
      ]
     }
    },
    "hash": "zhmtbb3wj74yg2li7n4bxbjvwjcapzxo"
   }
  },
  "3525wzi3joo7stwo3eygu6ehkpl3gc5e": {
   "tcl": {
    "version": "8.6.11",
    "arch": {
     "platform": "linux",
     "platform_os": "ubuntu20.10",
     "target": "aarch64"
    },
    "compiler": {
     "name": "gcc",
     "version": "10.2.0"
    },
    "namespace": "builtin",
    "parameters": {
     "cflags": [],
     "cppflags": [],
     "cxxflags": [],
     "fflags": [],
     "ldflags": [],
     "ldlibs": []
    },
    "dependencies": {
     "zlib": {
      "hash": "emagoh3xhthjct3vs6h2vm66xk47xdna",
      "type": [
       "build",
       "link"
      ]
     }
    },
    "hash": "3525wzi3joo7stwo3eygu6ehkpl3gc5e"
   }
  }
 }
}