{
 "_meta": {
  "file-type": "spack-lockfile",
  "lockfile-version": 2
 },
 "roots": [
  {
   "hash": "v4lgjkresdad4hq7jjl33kzpzu4rjaxr",
   "spec": "python"
  },
  {
   "hash": "b5kvhadharxczjyijajbz5jiibq4julk",
   "spec": "py-pip"
  },
  {
   "hash": "4blggm5s6fqn5wnymipvfbdrpf5ff6zd",
   "spec": "py-numpy~lapack"
  },
  {
   "hash": "sz4vom5haaszsdmwnfgzsp3fkofrgg76",
   "spec": "tcl"
  },
  {
   "hash": "sz4vom5haaszsdmwnfgzsp3fkofrgg76",
   "spec": "tcl"
  }
 ],
 "concrete_specs": {
  "v4lgjkresdad4hq7jjl33kzpzu4rjaxr": {
   "python": {
    "version": "3.8.7",
    "arch": {
     "platform": "linux",
     "platform_os": "debian10",
     "target": {
      "name": "skylake",
      "vendor": "GenuineIntel",
      "features": [
       "adx",
       "aes",
       "avx",
       "avx2",
       "bmi1",
       "bmi2",
       "clflushopt",
       "f16c",
       "fma",
       "mmx",
       "movbe",
       "pclmulqdq",
       "popcnt",
       "rdrand",
       "rdseed",
       "sse",
       "sse2",
       "sse4_1",
       "sse4_2",
       "ssse3",
       "xsavec",
       "xsaveopt"
      ],
      "generation": 0,
      "parents": [
       "broadwell"
      ]
     }
    },
    "compiler": {
     "name": "gcc",
     "version": "8.3.0"
    },
    "namespace": "builtin",
    "parameters": {
     "bz2": true,
     "ctypes": true,
     "dbm": true,
     "debug": false,
     "libxml2": true,
     "lzma": true,
     "nis": false,
     "optimizations": false,
     "patches": [
      "0d98e93189bc278fbc37a50ed7f183bd8aaf249a8e1670a465f0db6bb4f8cf87"
     ],
     "pic": true,
     "pyexpat": true,
     "pythoncmd": true,
     "readline": true,
     "shared": true,
     "sqlite3": true,
     "ssl": true,
     "tix": false,
     "tkinter": false,
     "ucs4": false,
     "uuid": true,
     "zlib": true,
     "cflags": [],
     "cppflags": [],
     "cxxflags": [],
     "fflags": [],
     "ldflags": [],
     "ldlibs": []
    },
    "patches": [
     "0d98e93189bc278fbc37a50ed7f183bd8aaf249a8e1670a465f0db6bb4f8cf87"
    ],
    "dependencies": {
     "bzip2": {
      "hash": "77nvfixa2wlmlnve5xi7twdscct3slp2",
      "type": [
       "build",
       "link"
      ]
     },
     "expat": {
      "hash": "s4k5v3ojtj7i66lgcmub5qpld6farhyb",
      "type": [
       "build",
       "link"
      ]
     },
     "gdbm": {
      "hash": "mrrrsdvvxnypmtkmpix25mkc66663tpd",
      "type": [
       "build",
       "link"
      ]
     },
     "gettext": {
      "hash": "npfvrkle3nzoae63pgany6zpbc3aj764",
      "type": [
       "build",
       "link"
      ]
     },
     "libffi": {
      "hash": "2jislkzuvosw7ms6d33wg6ilbyfgh7ai",
      "type": [
       "build",
       "link"
      ]
     },
     "ncurses": {
      "hash": "7uni2hqx42nn6pbbjkrty4hwaxkce57w",
      "type": [
       "build",
       "link"
      ]
     },
     "openssl": {
      "hash": "iciqme7qgzfx7ivdbeiacb7ciyaa3mfx",
      "type": [
       "build",
       "link"
      ]
     },
     "pkgconf": {
      "hash": "rp7jbp7vudddxvifhy4uv2hz6tnojpuo",
      "type": [
       "build"
      ]
     },
     "readline": {
      "hash": "hsbgi5dlhsqhusvee33jyxzhtyeiaelg",
      "type": [
       "build",
       "link"
      ]
     },
     "sqlite": {
      "hash": "p6cpexq6ujerranp2uk4x4pfodzyvc6f",
      "type": [
       "build",
       "link"
      ]
     },
     "util-linux-uuid": {
      "hash": "ftizieyygyxkeplmbrwhtdfkpmhppnrq",
      "type": [
       "build",
       "link"
      ]
     },
     "xz": {
      "hash": "6cbokmponbqpsuhlwwdqwogidxri32t4",
      "type": [
       "build",
       "link"
      ]
     },
     "zlib": {
      "hash": "35k2t3imxwoldp42uymipncstsisqeqt",
      "type": [
       "build",
       "link"
      ]
     }
    },
    "hash": "52wxvgwm5wkgca7khjlycvk6e7hugzao"
   }
  },
  "77nvfixa2wlmlnve5xi7twdscct3slp2": {
   "bzip2": {
    "version": "1.0.8",
    "arch": {
     "platform": "linux",
     "platform_os": "debian10",
     "target": {
      "name": "skylake",
      "vendor": "GenuineIntel",
      "features": [
       "adx",
       "aes",
       "avx",
       "avx2",
       "bmi1",
       "bmi2",
       "clflushopt",
       "f16c",
       "fma",
       "mmx",
       "movbe",
       "pclmulqdq",
       "popcnt",
       "rdrand",
       "rdseed",
       "sse",
       "sse2",
       "sse4_1",
       "sse4_2",
       "ssse3",
       "xsavec",
       "xsaveopt"
      ],
      "generation": 0,
      "parents": [
       "broadwell"
      ]
     }
    },
    "compiler": {
     "name": "gcc",
     "version": "8.3.0"
    },
    "namespace": "builtin",
    "parameters": {
     "shared": true,
     "cflags": [],
     "cppflags": [],
     "cxxflags": [],
     "fflags": [],
     "ldflags": [],
     "ldlibs": []
    },
    "dependencies": {
     "diffutils": {
      "hash": "jfba3xoaandob5otbnzuumnugb25oumh",
      "type": [
       "build"
      ]
     }
    },
    "hash": "soqjewnwfb5j6t5mv5o6dhg6mkkym2ap"
   }
  },
  "jfba3xoaandob5otbnzuumnugb25oumh": {
   "diffutils": {
    "version": "3.7",
    "arch": {
     "platform": "linux",
     "platform_os": "debian10",
     "target": {
      "name": "skylake",
      "vendor": "GenuineIntel",
      "features": [
       "adx",
       "aes",
       "avx",
       "avx2",
       "bmi1",
       "bmi2",
       "clflushopt",
       "f16c",
       "fma",
       "mmx",
       "movbe",
       "pclmulqdq",
       "popcnt",
       "rdrand",
       "rdseed",
       "sse",
       "sse2",
       "sse4_1",
       "sse4_2",
       "ssse3",
       "xsavec",
       "xsaveopt"
      ],
      "generation": 0,
      "parents": [
       "broadwell"
      ]
     }
    },
    "compiler": {
     "name": "gcc",
     "version": "8.3.0"
    },
    "namespace": "builtin",
    "parameters": {
     "cflags": [],
     "cppflags": [],
     "cxxflags": [],
     "fflags": [],
     "ldflags": [],
     "ldlibs": []
    },
    "dependencies": {
     "libiconv": {
      "hash": "j2lnrfeg3jtgs2hhhz6kt3vtwlusv5pp",
      "type": [
       "build",
       "link"
      ]
     }
    },
    "hash": "jfba3xoaandob5otbnzuumnugb25oumh"
   }
  },
  "j2lnrfeg3jtgs2hhhz6kt3vtwlusv5pp": {
   "libiconv": {
    "version": "1.16",
    "arch": {
     "platform": "linux",
     "platform_os": "debian10",
     "target": {
      "name": "skylake",
      "vendor": "GenuineIntel",
      "features": [
       "adx",
       "aes",
       "avx",
       "avx2",
       "bmi1",
       "bmi2",
       "clflushopt",
       "f16c",
       "fma",
       "mmx",
       "movbe",
       "pclmulqdq",
       "popcnt",
       "rdrand",
       "rdseed",
       "sse",
       "sse2",
       "sse4_1",
       "sse4_2",
       "ssse3",
       "xsavec",
       "xsaveopt"
      ],
      "generation": 0,
      "parents": [
       "broadwell"
      ]
     }
    },
    "compiler": {
     "name": "gcc",
     "version": "8.3.0"
    },
    "namespace": "builtin",
    "parameters": {
     "cflags": [],
     "cppflags": [],
     "cxxflags": [],
     "fflags": [],
     "ldflags": [],
     "ldlibs": []
    },
    "hash": "j2lnrfeg3jtgs2hhhz6kt3vtwlusv5pp"
   }
  },
  "s4k5v3ojtj7i66lgcmub5qpld6farhyb": {
   "expat": {
    "version": "2.2.10",
    "arch": {
     "platform": "linux",
     "platform_os": "debian10",
     "target": {
      "name": "skylake",
      "vendor": "GenuineIntel",
      "features": [
       "adx",
       "aes",
       "avx",
       "avx2",
       "bmi1",
       "bmi2",
       "clflushopt",
       "f16c",
       "fma",
       "mmx",
       "movbe",
       "pclmulqdq",
       "popcnt",
       "rdrand",
       "rdseed",
       "sse",
       "sse2",
       "sse4_1",
       "sse4_2",
       "ssse3",
       "xsavec",
       "xsaveopt"
      ],
      "generation": 0,
      "parents": [
       "broadwell"
      ]
     }
    },
    "compiler": {
     "name": "gcc",
     "version": "8.3.0"
    },
    "namespace": "builtin",
    "parameters": {
     "libbsd": true,
     "cflags": [],
     "cppflags": [],
     "cxxflags": [],
     "fflags": [],
     "ldflags": [],
     "ldlibs": []
    },
    "dependencies": {
     "libbsd": {
      "hash": "tuwvrdsewzrjsi5yectwyarsodmcgebx",
      "type": [
       "build",
       "link"
      ]
     }
    },
    "hash": "s4k5v3ojtj7i66lgcmub5qpld6farhyb"
   }
  },
  "tuwvrdsewzrjsi5yectwyarsodmcgebx": {
   "libbsd": {
    "version": "0.10.0",
    "arch": {
     "platform": "linux",
     "platform_os": "debian10",
     "target": {
      "name": "skylake",
      "vendor": "GenuineIntel",
      "features": [
       "adx",
       "aes",
       "avx",
       "avx2",
       "bmi1",
       "bmi2",
       "clflushopt",
       "f16c",
       "fma",
       "mmx",
       "movbe",
       "pclmulqdq",
       "popcnt",
       "rdrand",
       "rdseed",
       "sse",
       "sse2",
       "sse4_1",
       "sse4_2",
       "ssse3",
       "xsavec",
       "xsaveopt"
      ],
      "generation": 0,
      "parents": [
       "broadwell"
      ]
     }
    },
    "compiler": {
     "name": "gcc",
     "version": "8.3.0"
    },
    "namespace": "builtin",
    "parameters": {
     "cflags": [],
     "cppflags": [],
     "cxxflags": [],
     "fflags": [],
     "ldflags": [],
     "ldlibs": []
    },
    "hash": "tuwvrdsewzrjsi5yectwyarsodmcgebx"
   }
  },
  "mrrrsdvvxnypmtkmpix25mkc66663tpd": {
   "gdbm": {
    "version": "1.18.1",
    "arch": {
     "platform": "linux",
     "platform_os": "debian10",
     "target": {
      "name": "skylake",
      "vendor": "GenuineIntel",
      "features": [
       "adx",
       "aes",
       "avx",
       "avx2",
       "bmi1",
       "bmi2",
       "clflushopt",
       "f16c",
       "fma",
       "mmx",
       "movbe",
       "pclmulqdq",
       "popcnt",
       "rdrand",
       "rdseed",
       "sse",
       "sse2",
       "sse4_1",
       "sse4_2",
       "ssse3",
       "xsavec",
       "xsaveopt"
      ],
      "generation": 0,
      "parents": [
       "broadwell"
      ]
     }
    },
    "compiler": {
     "name": "gcc",
     "version": "8.3.0"
    },
    "namespace": "builtin",
    "parameters": {
     "cflags": [],
     "cppflags": [],
     "cxxflags": [],
     "fflags": [],
     "ldflags": [],
     "ldlibs": []
    },
    "dependencies": {
     "readline": {
      "hash": "hsbgi5dlhsqhusvee33jyxzhtyeiaelg",
      "type": [
       "build",
       "link"
      ]
     }
    },
    "hash": "soydndz5yozdnpx6osaeci5vblu3bbm3"
   }
  },
  "hsbgi5dlhsqhusvee33jyxzhtyeiaelg": {
   "readline": {
    "version": "8.0",
    "arch": {
     "platform": "linux",
     "platform_os": "debian10",
     "target": {
      "name": "skylake",
      "vendor": "GenuineIntel",
      "features": [
       "adx",
       "aes",
       "avx",
       "avx2",
       "bmi1",
       "bmi2",
       "clflushopt",
       "f16c",
       "fma",
       "mmx",
       "movbe",
       "pclmulqdq",
       "popcnt",
       "rdrand",
       "rdseed",
       "sse",
       "sse2",
       "sse4_1",
       "sse4_2",
       "ssse3",
       "xsavec",
       "xsaveopt"
      ],
      "generation": 0,
      "parents": [
       "broadwell"
      ]
     }
    },
    "compiler": {
     "name": "gcc",
     "version": "8.3.0"
    },
    "namespace": "builtin",
    "parameters": {
     "cflags": [],
     "cppflags": [],
     "cxxflags": [],
     "fflags": [],
     "ldflags": [],
     "ldlibs": []
    },
    "dependencies": {
     "ncurses": {
      "hash": "7uni2hqx42nn6pbbjkrty4hwaxkce57w",
      "type": [
       "build",
       "link"
      ]
     }
    },
    "hash": "acgioz5b7xco7cdptlzteikkwx5hz7ww"
   }
  },
  "7uni2hqx42nn6pbbjkrty4hwaxkce57w": {
   "ncurses": {
    "version": "6.2",
    "arch": {
     "platform": "linux",
     "platform_os": "debian10",
     "target": {
      "name": "skylake",
      "vendor": "GenuineIntel",
      "features": [
       "adx",
       "aes",
       "avx",
       "avx2",
       "bmi1",
       "bmi2",
       "clflushopt",
       "f16c",
       "fma",
       "mmx",
       "movbe",
       "pclmulqdq",
       "popcnt",
       "rdrand",
       "rdseed",
       "sse",
       "sse2",
       "sse4_1",
       "sse4_2",
       "ssse3",
       "xsavec",
       "xsaveopt"
      ],
      "generation": 0,
      "parents": [
       "broadwell"
      ]
     }
    },
    "compiler": {
     "name": "gcc",
     "version": "8.3.0"
    },
    "namespace": "builtin",
    "parameters": {
     "symlinks": false,
     "termlib": true,
     "cflags": [],
     "cppflags": [],
     "cxxflags": [],
     "fflags": [],
     "ldflags": [],
     "ldlibs": []
    },
    "dependencies": {
     "pkgconf": {
      "hash": "rp7jbp7vudddxvifhy4uv2hz6tnojpuo",
      "type": [
       "build"
      ]
     }
    },
    "hash": "xixmmozwhllya3wyd6nsxbhkrcdllwrz"
   }
  },
  "rp7jbp7vudddxvifhy4uv2hz6tnojpuo": {
   "pkgconf": {
    "version": "1.7.3",
    "arch": {
     "platform": "linux",
     "platform_os": "debian10",
     "target": {
      "name": "skylake",
      "vendor": "GenuineIntel",
      "features": [
       "adx",
       "aes",
       "avx",
       "avx2",
       "bmi1",
       "bmi2",
       "clflushopt",
       "f16c",
       "fma",
       "mmx",
       "movbe",
       "pclmulqdq",
       "popcnt",
       "rdrand",
       "rdseed",
       "sse",
       "sse2",
       "sse4_1",
       "sse4_2",
       "ssse3",
       "xsavec",
       "xsaveopt"
      ],
      "generation": 0,
      "parents": [
       "broadwell"
      ]
     }
    },
    "compiler": {
     "name": "gcc",
     "version": "8.3.0"
    },
    "namespace": "builtin",
    "parameters": {
     "cflags": [],
     "cppflags": [],
     "cxxflags": [],
     "fflags": [],
     "ldflags": [],
     "ldlibs": []
    },
    "hash": "rp7jbp7vudddxvifhy4uv2hz6tnojpuo"
   }
  },
  "npfvrkle3nzoae63pgany6zpbc3aj764": {
   "gettext": {
    "version": "0.21",
    "arch": {
     "platform": "linux",
     "platform_os": "debian10",
     "target": {
      "name": "skylake",
      "vendor": "GenuineIntel",
      "features": [
       "adx",
       "aes",
       "avx",
       "avx2",
       "bmi1",
       "bmi2",
       "clflushopt",
       "f16c",
       "fma",
       "mmx",
       "movbe",
       "pclmulqdq",
       "popcnt",
       "rdrand",
       "rdseed",
       "sse",
       "sse2",
       "sse4_1",
       "sse4_2",
       "ssse3",
       "xsavec",
       "xsaveopt"
      ],
      "generation": 0,
      "parents": [
       "broadwell"
      ]
     }
    },
    "compiler": {
     "name": "gcc",
     "version": "8.3.0"
    },
    "namespace": "builtin",
    "parameters": {
     "bzip2": true,
     "curses": true,
     "git": true,
     "libunistring": false,
     "libxml2": true,
     "tar": true,
     "xz": true,
     "cflags": [],
     "cppflags": [],
     "cxxflags": [],
     "fflags": [],
     "ldflags": [],
     "ldlibs": []
    },
    "dependencies": {
     "bzip2": {
      "hash": "77nvfixa2wlmlnve5xi7twdscct3slp2",
      "type": [
       "build",
       "link"
      ]
     },
     "libiconv": {
      "hash": "j2lnrfeg3jtgs2hhhz6kt3vtwlusv5pp",
      "type": [
       "build",
       "link"
      ]
     },
     "libxml2": {
      "hash": "adukcnelojcwlohw7jrh5sbtjhpzx5pt",
      "type": [
       "build",
       "link"
      ]
     },
     "ncurses": {
      "hash": "7uni2hqx42nn6pbbjkrty4hwaxkce57w",
      "type": [
       "build",
       "link"
      ]
     },
     "tar": {
      "hash": "bssguhy73f3rtpxmrhn3suw6twvil2cb",
      "type": [
       "build",
       "link"
      ]
     },
     "xz": {
      "hash": "6cbokmponbqpsuhlwwdqwogidxri32t4",
      "type": [
       "build",
       "link",
       "run"
      ]
     }
    },
    "hash": "tiki3z4rxdx67c2zroyvkjiej74m3ycu"
   }
  },
  "adukcnelojcwlohw7jrh5sbtjhpzx5pt": {
   "libxml2": {
    "version": "2.9.10",
    "arch": {
     "platform": "linux",
     "platform_os": "debian10",
     "target": {
      "name": "skylake",
      "vendor": "GenuineIntel",
      "features": [
       "adx",
       "aes",
       "avx",
       "avx2",
       "bmi1",
       "bmi2",
       "clflushopt",
       "f16c",
       "fma",
       "mmx",
       "movbe",
       "pclmulqdq",
       "popcnt",
       "rdrand",
       "rdseed",
       "sse",
       "sse2",
       "sse4_1",
       "sse4_2",
       "ssse3",
       "xsavec",
       "xsaveopt"
      ],
      "generation": 0,
      "parents": [
       "broadwell"
      ]
     }
    },
    "compiler": {
     "name": "gcc",
     "version": "8.3.0"
    },
    "namespace": "builtin",
    "parameters": {
     "python": false,
     "cflags": [],
     "cppflags": [],
     "cxxflags": [],
     "fflags": [],
     "ldflags": [],
     "ldlibs": []
    },
    "dependencies": {
     "libiconv": {
      "hash": "j2lnrfeg3jtgs2hhhz6kt3vtwlusv5pp",
      "type": [
       "build",
       "link"
      ]
     },
     "pkgconf": {
      "hash": "rp7jbp7vudddxvifhy4uv2hz6tnojpuo",
      "type": [
       "build"
      ]
     },
     "xz": {
      "hash": "6cbokmponbqpsuhlwwdqwogidxri32t4",
      "type": [
       "build",
       "link"
      ]
     },
     "zlib": {
      "hash": "35k2t3imxwoldp42uymipncstsisqeqt",
      "type": [
       "build",
       "link"
      ]
     }
    },
    "hash": "nb3he3e4pbgtk2bkx4cgtnnyq4f4mzum"
   }
  },
  "6cbokmponbqpsuhlwwdqwogidxri32t4": {
   "xz": {
    "version": "5.2.5",
    "arch": {
     "platform": "linux",
     "platform_os": "debian10",
     "target": {
      "name": "skylake",
      "vendor": "GenuineIntel",
      "features": [
       "adx",
       "aes",
       "avx",
       "avx2",
       "bmi1",
       "bmi2",
       "clflushopt",
       "f16c",
       "fma",
       "mmx",
       "movbe",
       "pclmulqdq",
       "popcnt",
       "rdrand",
       "rdseed",
       "sse",
       "sse2",
       "sse4_1",
       "sse4_2",
       "ssse3",
       "xsavec",
       "xsaveopt"
      ],
      "generation": 0,
      "parents": [
       "broadwell"
      ]
     }
    },
    "compiler": {
     "name": "gcc",
     "version": "8.3.0"
    },
    "namespace": "builtin",
    "parameters": {
     "pic": false,
     "cflags": [],
     "cppflags": [],
     "cxxflags": [],
     "fflags": [],
     "ldflags": [],
     "ldlibs": []
    },
    "hash": "6cbokmponbqpsuhlwwdqwogidxri32t4"
   }
  },
  "35k2t3imxwoldp42uymipncstsisqeqt": {
   "zlib": {
    "version": "1.2.11",
    "arch": {
     "platform": "linux",
     "platform_os": "debian10",
     "target": {
      "name": "skylake",
      "vendor": "GenuineIntel",
      "features": [
       "adx",
       "aes",
       "avx",
       "avx2",
       "bmi1",
       "bmi2",
       "clflushopt",
       "f16c",
       "fma",
       "mmx",
       "movbe",
       "pclmulqdq",
       "popcnt",
       "rdrand",
       "rdseed",
       "sse",
       "sse2",
       "sse4_1",
       "sse4_2",
       "ssse3",
       "xsavec",
       "xsaveopt"
      ],
      "generation": 0,
      "parents": [
       "broadwell"
      ]
     }
    },
    "compiler": {
     "name": "gcc",
     "version": "8.3.0"
    },
    "namespace": "builtin",
    "parameters": {
     "optimize": true,
     "pic": true,
     "shared": true,
     "cflags": [],
     "cppflags": [],
     "cxxflags": [],
     "fflags": [],
     "ldflags": [],
     "ldlibs": []
    },
    "hash": "35k2t3imxwoldp42uymipncstsisqeqt"
   }
  },
  "bssguhy73f3rtpxmrhn3suw6twvil2cb": {
   "tar": {
    "version": "1.32",
    "arch": {
     "platform": "linux",
     "platform_os": "debian10",
     "target": {
      "name": "skylake",
      "vendor": "GenuineIntel",
      "features": [
       "adx",
       "aes",
       "avx",
       "avx2",
       "bmi1",
       "bmi2",
       "clflushopt",
       "f16c",
       "fma",
       "mmx",
       "movbe",
       "pclmulqdq",
       "popcnt",
       "rdrand",
       "rdseed",
       "sse",
       "sse2",
       "sse4_1",
       "sse4_2",
       "ssse3",
       "xsavec",
       "xsaveopt"
      ],
      "generation": 0,
      "parents": [
       "broadwell"
      ]
     }
    },
    "compiler": {
     "name": "gcc",
     "version": "8.3.0"
    },
    "namespace": "builtin",
    "parameters": {
     "cflags": [],
     "cppflags": [],
     "cxxflags": [],
     "fflags": [],
     "ldflags": [],
     "ldlibs": []
    },
    "dependencies": {
     "libiconv": {
      "hash": "j2lnrfeg3jtgs2hhhz6kt3vtwlusv5pp",
      "type": [
       "build",
       "link"
      ]
     }
    },
    "hash": "bssguhy73f3rtpxmrhn3suw6twvil2cb"
   }
  },
  "2jislkzuvosw7ms6d33wg6ilbyfgh7ai": {
   "libffi": {
    "version": "3.3",
    "arch": {
     "platform": "linux",
     "platform_os": "debian10",
     "target": {
      "name": "skylake",
      "vendor": "GenuineIntel",
      "features": [
       "adx",
       "aes",
       "avx",
       "avx2",
       "bmi1",
       "bmi2",
       "clflushopt",
       "f16c",
       "fma",
       "mmx",
       "movbe",
       "pclmulqdq",
       "popcnt",
       "rdrand",
       "rdseed",
       "sse",
       "sse2",
       "sse4_1",
       "sse4_2",
       "ssse3",
       "xsavec",
       "xsaveopt"
      ],
      "generation": 0,
      "parents": [
       "broadwell"
      ]
     }
    },
    "compiler": {
     "name": "gcc",
     "version": "8.3.0"
    },
    "namespace": "builtin",
    "parameters": {
     "patches": [
      "26f26c6f29a7ce9bf370ad3ab2610f99365b4bdd7b82e7c31df41a3370d685c0"
     ],
     "cflags": [],
     "cppflags": [],
     "cxxflags": [],
     "fflags": [],
     "ldflags": [],
     "ldlibs": []
    },
    "patches": [
     "26f26c6f29a7ce9bf370ad3ab2610f99365b4bdd7b82e7c31df41a3370d685c0"
    ],
    "hash": "2jislkzuvosw7ms6d33wg6ilbyfgh7ai"
   }
  },
  "iciqme7qgzfx7ivdbeiacb7ciyaa3mfx": {
   "openssl": {
    "version": "1.1.1j",
    "arch": {
     "platform": "linux",
     "platform_os": "debian10",
     "target": {
      "name": "skylake",
      "vendor": "GenuineIntel",
      "features": [
       "adx",
       "aes",
       "avx",
       "avx2",
       "bmi1",
       "bmi2",
       "clflushopt",
       "f16c",
       "fma",
       "mmx",
       "movbe",
       "pclmulqdq",
       "popcnt",
       "rdrand",
       "rdseed",
       "sse",
       "sse2",
       "sse4_1",
       "sse4_2",
       "ssse3",
       "xsavec",
       "xsaveopt"
      ],
      "generation": 0,
      "parents": [
       "broadwell"
      ]
     }
    },
    "compiler": {
     "name": "gcc",
     "version": "8.3.0"
    },
    "namespace": "builtin",
    "parameters": {
     "systemcerts": true,
     "cflags": [],
     "cppflags": [],
     "cxxflags": [],
     "fflags": [],
     "ldflags": [],
     "ldlibs": []
    },
    "dependencies": {
     "perl": {
      "hash": "wvsnhibe4n3c4ju4k2fnnhqtuucnvpq4",
      "type": [
       "build",
       "test"
      ]
     },
     "zlib": {
      "hash": "35k2t3imxwoldp42uymipncstsisqeqt",
      "type": [
       "build",
       "link"
      ]
     }
    },
    "hash": "6nmoujejdxp263f4fa22ibsewsz7hfio"
   }
  },
  "wvsnhibe4n3c4ju4k2fnnhqtuucnvpq4": {
   "perl": {
    "version": "5.32.1",
    "arch": {
     "platform": "linux",
     "platform_os": "debian10",
     "target": {
      "name": "skylake",
      "vendor": "GenuineIntel",
      "features": [
       "adx",
       "aes",
       "avx",
       "avx2",
       "bmi1",
       "bmi2",
       "clflushopt",
       "f16c",
       "fma",
       "mmx",
       "movbe",
       "pclmulqdq",
       "popcnt",
       "rdrand",
       "rdseed",
       "sse",
       "sse2",
       "sse4_1",
       "sse4_2",
       "ssse3",
       "xsavec",
       "xsaveopt"
      ],
      "generation": 0,
      "parents": [
       "broadwell"
      ]
     }
    },
    "compiler": {
     "name": "gcc",
     "version": "8.3.0"
    },
    "namespace": "builtin",
    "parameters": {
     "cpanm": true,
     "shared": true,
     "threads": true,
     "cflags": [],
     "cppflags": [],
     "cxxflags": [],
     "fflags": [],
     "ldflags": [],
     "ldlibs": []
    },
    "dependencies": {
     "berkeley-db": {
      "hash": "tfpqg4xfuo3hbiwaxtbr7l3h62tokoae",
      "type": [
       "build",
       "link"
      ]
     },
     "gdbm": {
      "hash": "mrrrsdvvxnypmtkmpix25mkc66663tpd",
      "type": [
       "build",
       "link"
      ]
     }
    },
    "hash": "2lhee2dtwxyz4htcljeam7lj2kk5npg5"
   }
  },
  "tfpqg4xfuo3hbiwaxtbr7l3h62tokoae": {
   "berkeley-db": {
    "version": "18.1.40",
    "arch": {
     "platform": "linux",
     "platform_os": "debian10",
     "target": {
      "name": "skylake",
      "vendor": "GenuineIntel",
      "features": [
       "adx",
       "aes",
       "avx",
       "avx2",
       "bmi1",
       "bmi2",
       "clflushopt",
       "f16c",
       "fma",
       "mmx",
       "movbe",
       "pclmulqdq",
       "popcnt",
       "rdrand",
       "rdseed",
       "sse",
       "sse2",
       "sse4_1",
       "sse4_2",
       "ssse3",
       "xsavec",
       "xsaveopt"
      ],
      "generation": 0,
      "parents": [
       "broadwell"
      ]
     }
    },
    "compiler": {
     "name": "gcc",
     "version": "8.3.0"
    },
    "namespace": "builtin",
    "parameters": {
     "cflags": [],
     "cppflags": [],
     "cxxflags": [],
     "fflags": [],
     "ldflags": [],
     "ldlibs": []
    },
    "hash": "tfpqg4xfuo3hbiwaxtbr7l3h62tokoae"
   }
  },
  "p6cpexq6ujerranp2uk4x4pfodzyvc6f": {
   "sqlite": {
    "version": "3.34.0",
    "arch": {
     "platform": "linux",
     "platform_os": "debian10",
     "target": {
      "name": "skylake",
      "vendor": "GenuineIntel",
      "features": [
       "adx",
       "aes",
       "avx",
       "avx2",
       "bmi1",
       "bmi2",
       "clflushopt",
       "f16c",
       "fma",
       "mmx",
       "movbe",
       "pclmulqdq",
       "popcnt",
       "rdrand",
       "rdseed",
       "sse",
       "sse2",
       "sse4_1",
       "sse4_2",
       "ssse3",
       "xsavec",
       "xsaveopt"
      ],
      "generation": 0,
      "parents": [
       "broadwell"
      ]
     }
    },
    "compiler": {
     "name": "gcc",
     "version": "8.3.0"
    },
    "namespace": "builtin",
    "parameters": {
     "column_metadata": true,
     "fts": true,
     "functions": false,
     "rtree": false,
     "cflags": [],
     "cppflags": [],
     "cxxflags": [],
     "fflags": [],
     "ldflags": [],
     "ldlibs": []
    },
    "dependencies": {
     "readline": {
      "hash": "hsbgi5dlhsqhusvee33jyxzhtyeiaelg",
      "type": [
       "build",
       "link"
      ]
     },
     "zlib": {
      "hash": "35k2t3imxwoldp42uymipncstsisqeqt",
      "type": [
       "build",
       "link"
      ]
     }
    },
    "hash": "kict4xf7k3e2aste5cihexkdzzfosiyv"
   }
  },
  "ftizieyygyxkeplmbrwhtdfkpmhppnrq": {
   "util-linux-uuid": {
    "version": "2.36",
    "arch": {
     "platform": "linux",
     "platform_os": "debian10",
     "target": {
      "name": "skylake",
      "vendor": "GenuineIntel",
      "features": [
       "adx",
       "aes",
       "avx",
       "avx2",
       "bmi1",
       "bmi2",
       "clflushopt",
       "f16c",
       "fma",
       "mmx",
       "movbe",
       "pclmulqdq",
       "popcnt",
       "rdrand",
       "rdseed",
       "sse",
       "sse2",
       "sse4_1",
       "sse4_2",
       "ssse3",
       "xsavec",
       "xsaveopt"
      ],
      "generation": 0,
      "parents": [
       "broadwell"
      ]
     }
    },
    "compiler": {
     "name": "gcc",
     "version": "8.3.0"
    },
    "namespace": "builtin",
    "parameters": {
     "cflags": [],
     "cppflags": [],
     "cxxflags": [],
     "fflags": [],
     "ldflags": [],
     "ldlibs": []
    },
    "dependencies": {
     "pkgconf": {
      "hash": "rp7jbp7vudddxvifhy4uv2hz6tnojpuo",
      "type": [
       "build"
      ]
     }
    },
    "hash": "4dzqyol5xhshdh5z5h3vu45ocq237y2a"
   }
  },
  "b5kvhadharxczjyijajbz5jiibq4julk": {
   "py-pip": {
    "version": "20.2",
    "arch": {
     "platform": "linux",
     "platform_os": "debian10",
     "target": {
      "name": "skylake",
      "vendor": "GenuineIntel",
      "features": [
       "adx",
       "aes",
       "avx",
       "avx2",
       "bmi1",
       "bmi2",
       "clflushopt",
       "f16c",
       "fma",
       "mmx",
       "movbe",
       "pclmulqdq",
       "popcnt",
       "rdrand",
       "rdseed",
       "sse",
       "sse2",
       "sse4_1",
       "sse4_2",
       "ssse3",
       "xsavec",
       "xsaveopt"
      ],
      "generation": 0,
      "parents": [
       "broadwell"
      ]
     }
    },
    "compiler": {
     "name": "gcc",
     "version": "8.3.0"
    },
    "namespace": "builtin",
    "parameters": {
     "cflags": [],
     "cppflags": [],
     "cxxflags": [],
     "fflags": [],
     "ldflags": [],
     "ldlibs": []
    },
    "dependencies": {
     "py-setuptools": {
      "hash": "f6ifqusndf6vxxsfomraqqiwuxhllkcm",
      "type": [
       "build",
       "run"
      ]
     },
     "python": {
      "hash": "v4lgjkresdad4hq7jjl33kzpzu4rjaxr",
      "type": [
       "build",
       "run"
      ]
     }
    },
    "hash": "m6moagnd5olst4shdd6zcqzxacatp3p4"
   }
  },
  "f6ifqusndf6vxxsfomraqqiwuxhllkcm": {
   "py-setuptools": {
    "version": "50.3.2",
    "arch": {
     "platform": "linux",
     "platform_os": "debian10",
     "target": {
      "name": "skylake",
      "vendor": "GenuineIntel",
      "features": [
       "adx",
       "aes",
       "avx",
       "avx2",
       "bmi1",
       "bmi2",
       "clflushopt",
       "f16c",
       "fma",
       "mmx",
       "movbe",
       "pclmulqdq",
       "popcnt",
       "rdrand",
       "rdseed",
       "sse",
       "sse2",
       "sse4_1",
       "sse4_2",
       "ssse3",
       "xsavec",
       "xsaveopt"
      ],
      "generation": 0,
      "parents": [
       "broadwell"
      ]
     }
    },
    "compiler": {
     "name": "gcc",
     "version": "8.3.0"
    },
    "namespace": "builtin",
    "parameters": {
     "cflags": [],
     "cppflags": [],
     "cxxflags": [],
     "fflags": [],
     "ldflags": [],
     "ldlibs": []
    },
    "dependencies": {
     "python": {
      "hash": "v4lgjkresdad4hq7jjl33kzpzu4rjaxr",
      "type": [
       "build",
       "run"
      ]
     }
    },
    "hash": "gbaxlltgqxdb27csts5c5hbnlnmymd2r"
   }
  },
  "4blggm5s6fqn5wnymipvfbdrpf5ff6zd": {
   "py-numpy": {
    "version": "1.20.1",
    "arch": {
     "platform": "linux",
     "platform_os": "debian10",
     "target": {
      "name": "skylake",
      "vendor": "GenuineIntel",
      "features": [
       "adx",
       "aes",
       "avx",
       "avx2",
       "bmi1",
       "bmi2",
       "clflushopt",
       "f16c",
       "fma",
       "mmx",
       "movbe",
       "pclmulqdq",
       "popcnt",
       "rdrand",
       "rdseed",
       "sse",
       "sse2",
       "sse4_1",
       "sse4_2",
       "ssse3",
       "xsavec",
       "xsaveopt"
      ],
      "generation": 0,
      "parents": [
       "broadwell"
      ]
     }
    },
    "compiler": {
     "name": "gcc",
     "version": "8.3.0"
    },
    "namespace": "builtin",
    "parameters": {
     "blas": true,
     "lapack": false,
     "patches": [
      "873745d7b547857fcfec9cae90b09c133b42a4f0c23b6c2d84cf37e2dd816604"
     ],
     "cflags": [],
     "cppflags": [],
     "cxxflags": [],
     "fflags": [],
     "ldflags": [],
     "ldlibs": []
    },
    "patches": [
     "873745d7b547857fcfec9cae90b09c133b42a4f0c23b6c2d84cf37e2dd816604"
    ],
    "dependencies": {
     "openblas": {
      "hash": "vpepiwtsj6rvslrpi63lcfghe5x7b537",
      "type": [
       "build",
       "link"
      ]
     },
     "py-cython": {
      "hash": "gkfavze2voqmk3agtrewnwdfagr2j5pv",
      "type": [
       "build"
      ]
     },
     "py-setuptools": {
      "hash": "f6ifqusndf6vxxsfomraqqiwuxhllkcm",
      "type": [
       "build",
       "run"
      ]
     },
     "python": {
      "hash": "v4lgjkresdad4hq7jjl33kzpzu4rjaxr",
      "type": [
       "build",
       "link",
       "run"
      ]
     }
    },
    "hash": "3x6p52vxqodv7iypw5kp63ionvrliret"
   }
  },
  "vpepiwtsj6rvslrpi63lcfghe5x7b537": {
   "openblas": {
    "version": "0.3.13",
    "arch": {
     "platform": "linux",
     "platform_os": "debian10",
     "target": {
      "name": "skylake",
      "vendor": "GenuineIntel",
      "features": [
       "adx",
       "aes",
       "avx",
       "avx2",
       "bmi1",
       "bmi2",
       "clflushopt",
       "f16c",
       "fma",
       "mmx",
       "movbe",
       "pclmulqdq",
       "popcnt",
       "rdrand",
       "rdseed",
       "sse",
       "sse2",
       "sse4_1",
       "sse4_2",
       "ssse3",
       "xsavec",
       "xsaveopt"
      ],
      "generation": 0,
      "parents": [
       "broadwell"
      ]
     }
    },
    "compiler": {
     "name": "gcc",
     "version": "8.3.0"
    },
    "namespace": "builtin",
    "parameters": {
     "consistent_fpcsr": false,
     "ilp64": false,
     "locking": true,
     "patches": [
      "865703b4f405543bbd583413fdeff2226dfda908be33639276c06e5aa7ae2cae"
     ],
     "pic": true,
     "shared": true,
     "threads": "none",
     "cflags": [],
     "cppflags": [],
     "cxxflags": [],
     "fflags": [],
     "ldflags": [],
     "ldlibs": []
    },
    "patches": [
     "865703b4f405543bbd583413fdeff2226dfda908be33639276c06e5aa7ae2cae"
    ],
    "dependencies": {
     "perl": {
      "hash": "wvsnhibe4n3c4ju4k2fnnhqtuucnvpq4",
      "type": [
       "build"
      ]
     }
    },
    "hash": "ye7mgqo7pcsf7uxm3aglhn47i24yyet6"
   }
  },
  "gkfavze2voqmk3agtrewnwdfagr2j5pv": {
   "py-cython": {
    "version": "0.29.21",
    "arch": {
     "platform": "linux",
     "platform_os": "debian10",
     "target": {
      "name": "skylake",
      "vendor": "GenuineIntel",
      "features": [
       "adx",
       "aes",
       "avx",
       "avx2",
       "bmi1",
       "bmi2",
       "clflushopt",
       "f16c",
       "fma",
       "mmx",
       "movbe",
       "pclmulqdq",
       "popcnt",
       "rdrand",
       "rdseed",
       "sse",
       "sse2",
       "sse4_1",
       "sse4_2",
       "ssse3",
       "xsavec",
       "xsaveopt"
      ],
      "generation": 0,
      "parents": [
       "broadwell"
      ]
     }
    },
    "compiler": {
     "name": "gcc",
     "version": "8.3.0"
    },
    "namespace": "builtin",
    "parameters": {
     "cflags": [],
     "cppflags": [],
     "cxxflags": [],
     "fflags": [],
     "ldflags": [],
     "ldlibs": []
    },
    "dependencies": {
     "py-setuptools": {
      "hash": "f6ifqusndf6vxxsfomraqqiwuxhllkcm",
      "type": [
       "build",
       "run"
      ]
     },
     "python": {
      "hash": "v4lgjkresdad4hq7jjl33kzpzu4rjaxr",
      "type": [
       "build",
       "link",
       "run"
      ]
     }
    },
    "hash": "7v2jupos5g77tklgzja2fgsqds3b6ntv"
   }
  },
  "sz4vom5haaszsdmwnfgzsp3fkofrgg76": {
   "tcl": {
    "version": "8.6.11",
    "arch": {
     "platform": "linux",
     "platform_os": "debian10",
     "target": {
      "name": "skylake",
      "vendor": "GenuineIntel",
      "features": [
       "adx",
       "aes",
       "avx",
       "avx2",
       "bmi1",
       "bmi2",
       "clflushopt",
       "f16c",
       "fma",
       "mmx",
       "movbe",
       "pclmulqdq",
       "popcnt",
       "rdrand",
       "rdseed",
       "sse",
       "sse2",
       "sse4_1",
       "sse4_2",
       "ssse3",
       "xsavec",
       "xsaveopt"
      ],
      "generation": 0,
      "parents": [
       "broadwell"
      ]
     }
    },
    "compiler": {
     "name": "gcc",
     "version": "8.3.0"
    },
    "namespace": "builtin",
    "parameters": {
     "cflags": [],
     "cppflags": [],
     "cxxflags": [],
     "fflags": [],
     "ldflags": [],
     "ldlibs": []
    },
    "dependencies": {
     "zlib": {
      "hash": "35k2t3imxwoldp42uymipncstsisqeqt",
      "type": [
       "build",
       "link"
      ]
     }
    },
    "hash": "sz4vom5haaszsdmwnfgzsp3fkofrgg76"
   }
  }
 }
}